
Microsoft Visual Studio Solution File, Format Version 12.00
# Visual Studio Version 17
VisualStudioVersion = 17.12.35707.178 d17.12
MinimumVisualStudioVersion = 10.0.40219.1
Project("{FAE04EC0-301F-11D3-BF4B-00C04F79EFBC}") = "2주차 강의(배열)", "2주차 강의(배열)\2주차 강의(배열).csproj", "{2C9CD47B-A27B-4789-B229-0EBDB1893EB7}"
EndProject
Project("{FAE04EC0-301F-11D3-BF4B-00C04F79EFBC}") = "2주차 강의(배열)-2", "2주차 강의(배열)-2\2주차 강의(배열)-2.csproj", "{55B9F177-F888-444E-B208-90DC4BE56A0D}"
EndProject
Project("{FAE04EC0-301F-11D3-BF4B-00C04F79EFBC}") = "2주차 강의(배열)-3", "2주차 강의(배열)-3\2주차 강의(배열)-3.csproj", "{01AFC9F2-378E-4C09-9413-D526A9B2F404}"
EndProject
Global
	GlobalSection(SolutionConfigurationPlatforms) = preSolution
		Debug|Any CPU = Debug|Any CPU
		Release|Any CPU = Release|Any CPU
	EndGlobalSection
	GlobalSection(ProjectConfigurationPlatforms) = postSolution
		{2C9CD47B-A27B-4789-B229-0EBDB1893EB7}.Debug|Any CPU.ActiveCfg = Debug|Any CPU
		{2C9CD47B-A27B-4789-B229-0EBDB1893EB7}.Debug|Any CPU.Build.0 = Debug|Any CPU
		{2C9CD47B-A27B-4789-B229-0EBDB1893EB7}.Release|Any CPU.ActiveCfg = Release|Any CPU
		{2C9CD47B-A27B-4789-B229-0EBDB1893EB7}.Release|Any CPU.Build.0 = Release|Any CPU
		{55B9F177-F888-444E-B208-90DC4BE56A0D}.Debug|Any CPU.ActiveCfg = Debug|Any CPU
		{55B9F177-F888-444E-B208-90DC4BE56A0D}.Debug|Any CPU.Build.0 = Debug|Any CPU
		{55B9F177-F888-444E-B208-90DC4BE56A0D}.Release|Any CPU.ActiveCfg = Release|Any CPU
		{55B9F177-F888-444E-B208-90DC4BE56A0D}.Release|Any CPU.Build.0 = Release|Any CPU
		{01AFC9F2-378E-4C09-9413-D526A9B2F404}.Debug|Any CPU.ActiveCfg = Debug|Any CPU
		{01AFC9F2-378E-4C09-9413-D526A9B2F404}.Debug|Any CPU.Build.0 = Debug|Any CPU
		{01AFC9F2-378E-4C09-9413-D526A9B2F404}.Release|Any CPU.ActiveCfg = Release|Any CPU
		{01AFC9F2-378E-4C09-9413-D526A9B2F404}.Release|Any CPU.Build.0 = Release|Any CPU
	EndGlobalSection
	GlobalSection(SolutionProperties) = preSolution
		HideSolutionNode = FALSE
	EndGlobalSection
EndGlobal
